
Microsoft Visual Studio Solution File, Format Version 12.00
# Visual Studio Version 17
VisualStudioVersion = 17.5.002.0
MinimumVisualStudioVersion = 10.0.40219.1
Project("{2150E333-8FDC-42A3-9474-1A3956D46DE8}") = "Samples", "Samples", "{5DBA9468-D63E-4653-8826-63F24300AEB9}"
EndProject
Project("{9A19103F-16F7-4668-BE54-9A1E7A4F7556}") = "dotnet", "Samples\dotnet\dotnet.csproj", "{2CD59132-350F-4D95-A34C-FE9A5E01C17D}"
EndProject
Global
	GlobalSection(SolutionConfigurationPlatforms) = preSolution
		Debug|Any CPU = Debug|Any CPU
		Release|Any CPU = Release|Any CPU
	EndGlobalSection
	GlobalSection(ProjectConfigurationPlatforms) = postSolution
		{2CD59132-350F-4D95-A34C-FE9A5E01C17D}.Debug|Any CPU.ActiveCfg = Debug|Any CPU
		{2CD59132-350F-4D95-A34C-FE9A5E01C17D}.Debug|Any CPU.Build.0 = Debug|Any CPU
		{2CD59132-350F-4D95-A34C-FE9A5E01C17D}.Release|Any CPU.ActiveCfg = Release|Any CPU
		{2CD59132-350F-4D95-A34C-FE9A5E01C17D}.Release|Any CPU.Build.0 = Release|Any CPU
	EndGlobalSection
	GlobalSection(SolutionProperties) = preSolution
		HideSolutionNode = FALSE
	EndGlobalSection
	GlobalSection(NestedProjects) = preSolution
		{2CD59132-350F-4D95-A34C-FE9A5E01C17D} = {5DBA9468-D63E-4653-8826-63F24300AEB9}
	EndGlobalSection
	GlobalSection(ExtensibilityGlobals) = postSolution
		SolutionGuid = {637C02F0-1ED1-45AD-871E-751BC90C23F7}
	EndGlobalSection
EndGlobal
